PODS:
  - AFNetworking (3.1.0):
    - AFNetworking/NSURLSession (= 3.1.0)
    - AFNetworking/Reachability (= 3.1.0)
    - AFNetworking/Security (= 3.1.0)
    - AFNetworking/Serialization (= 3.1.0)
    - AFNetworking/UIKit (= 3.1.0)
  - AFNetworking/NSURLSession (3.1.0):
    - AFNetworking/Reachability
    - AFNetworking/Security
    - AFNetworking/Serialization
  - AFNetworking/Reachability (3.1.0)
  - AFNetworking/Security (3.1.0)
  - AFNetworking/Serialization (3.1.0)
  - AFNetworking/UIKit (3.1.0):
    - AFNetworking/NSURLSession
  - Aspects (1.4.1)
  - FMDB (2.7.5):
    - FMDB/standard (= 2.7.5)
  - FMDB/standard (2.7.5)
  - libwebp (1.0.0):
    - libwebp/core (= 1.0.0)
    - libwebp/dec (= 1.0.0)
    - libwebp/demux (= 1.0.0)
    - libwebp/dsp (= 1.0.0)
    - libwebp/enc (= 1.0.0)
    - libwebp/mux (= 1.0.0)
    - libwebp/utils (= 1.0.0)
    - libwebp/webp (= 1.0.0)
  - libwebp/core (1.0.0):
    - libwebp/webp
  - libwebp/dec (1.0.0):
    - libwebp/core
  - libwebp/demux (1.0.0):
    - libwebp/core
  - libwebp/dsp (1.0.0):
    - libwebp/core
  - libwebp/enc (1.0.0):
    - libwebp/core
  - libwebp/mux (1.0.0):
    - libwebp/core
  - libwebp/utils (1.0.0):
    - libwebp/core
  - libwebp/webp (1.0.0)
  - NXFramework (0.0.1):
    - NXFramework/Base (= 0.0.1)
    - NXFramework/NXBusiness (= 0.0.1)
    - NXFramework/NXDBManager (= 0.0.1)
    - NXFramework/NXDebug (= 0.0.1)
    - NXFramework/NXFoundation (= 0.0.1)
    - NXFramework/NXMacro (= 0.0.1)
    - NXFramework/NXNetworkManager (= 0.0.1)
    - NXFramework/NXPhotoLibrary (= 0.0.1)
    - NXFramework/NXUtility (= 0.0.1)
    - SDWebImage (~> 4.1.2)
    - SDWebImage/WebP (~> 4.1.2)
  - NXFramework/Base (0.0.1):
    - SDWebImage (~> 4.1.2)
    - SDWebImage/WebP (~> 4.1.2)
  - NXFramework/NXBusiness (0.0.1):
    - NXFramework/Base
    - NXFramework/NXMacro
    - NXFramework/NXUtility
    - NXFramework/NXUtility/NXAdapted
    - SDWebImage (~> 4.1.2)
    - SDWebImage/WebP (~> 4.1.2)
  - NXFramework/NXDBManager (0.0.1):
    - FMDB (~> 2.7.2)
    - SDWebImage (~> 4.1.2)
    - SDWebImage/WebP (~> 4.1.2)
    - SQLCipher (~> 3.4.2)
    - YYKit (= 1.0.9)
  - NXFramework/NXDebug (0.0.1):
    - NXFramework/NXMacro
    - NXFramework/NXUtility/NXCommond
    - SDWebImage (~> 4.1.2)
    - SDWebImage/WebP (~> 4.1.2)
  - NXFramework/NXFoundation (0.0.1):
    - SDWebImage (~> 4.1.2)
    - SDWebImage/WebP (~> 4.1.2)
  - NXFramework/NXMacro (0.0.1):
    - SDWebImage (~> 4.1.2)
    - SDWebImage/WebP (~> 4.1.2)
  - NXFramework/NXNetworkManager (0.0.1):
    - AFNetworking (~> 3.1.0)
    - SDWebImage (~> 4.1.2)
    - SDWebImage/WebP (~> 4.1.2)
  - NXFramework/NXPhotoLibrary (0.0.1):
    - NXFramework/NXMacro
    - NXFramework/NXPhotoLibrary/NXPhotoCategory (= 0.0.1)
    - NXFramework/NXPhotoLibrary/NXPhotoImagePicker (= 0.0.1)
    - NXFramework/NXPhotoLibrary/NXPhotoServiece (= 0.0.1)
    - NXFramework/NXPhotoLibrary/NXPhotoUtility (= 0.0.1)
    - SDWebImage (~> 4.1.2)
    - SDWebImage/WebP (~> 4.1.2)
  - NXFramework/NXPhotoLibrary/NXPhotoCategory (0.0.1):
    - NXFramework/NXMacro
    - SDWebImage (~> 4.1.2)
    - SDWebImage/WebP (~> 4.1.2)
  - NXFramework/NXPhotoLibrary/NXPhotoImagePicker (0.0.1):
    - NXFramework/NXMacro
    - NXFramework/NXPhotoLibrary/NXPhotoServiece
    - SDWebImage (~> 4.1.2)
    - SDWebImage/WebP (~> 4.1.2)
    - SVProgressHUD
  - NXFramework/NXPhotoLibrary/NXPhotoServiece (0.0.1):
    - NXFramework/NXMacro
    - NXFramework/NXPhotoLibrary/NXPhotoCategory
    - SDWebImage (~> 4.1.2)
    - SDWebImage/WebP (~> 4.1.2)
  - NXFramework/NXPhotoLibrary/NXPhotoUtility (0.0.1):
    - NXFramework/NXMacro
    - NXFramework/NXPhotoLibrary/NXPhotoImagePicker
    - NXFramework/NXUtility/NXCommond
    - SDWebImage (~> 4.1.2)
    - SDWebImage/WebP (~> 4.1.2)
  - NXFramework/NXUtility (0.0.1):
    - Aspects (~> 1.4.1)
    - NXFramework/NXUtility/NXAdapted (= 0.0.1)
    - NXFramework/NXUtility/NXCommond (= 0.0.1)
    - SDAutoLayout (~> 2.2.0)
    - SDWebImage (~> 4.1.2)
    - SDWebImage/WebP (~> 4.1.2)
  - NXFramework/NXUtility/NXAdapted (0.0.1):
    - Aspects (~> 1.4.1)
    - NXFramework/NXMacro
    - SDAutoLayout (~> 2.2.0)
    - SDWebImage (~> 4.1.2)
    - SDWebImage/WebP (~> 4.1.2)
  - NXFramework/NXUtility/NXCommond (0.0.1):
    - Aspects (~> 1.4.1)
    - NXFramework/Base
    - NXFramework/NXMacro
    - NXFramework/NXUtility/NXAdapted
    - SDAutoLayout (~> 2.2.0)
    - SDWebImage (~> 4.1.2)
    - SDWebImage/WebP (~> 4.1.2)
  - SDAutoLayout (2.2.1)
  - SDWebImage (4.1.2):
    - SDWebImage/Core (= 4.1.2)
  - SDWebImage/Core (4.1.2)
  - SDWebImage/WebP (4.1.2):
    - libwebp
    - SDWebImage/Core
  - SQLCipher (3.4.2):
    - SQLCipher/standard (= 3.4.2)
  - SQLCipher/common (3.4.2)
  - SQLCipher/standard (3.4.2):
    - SQLCipher/common
  - SVProgressHUD (2.2.5)
  - YYKit (1.0.9):
    - YYKit/no-arc (= 1.0.9)
  - YYKit/no-arc (1.0.9)

DEPENDENCIES:
  - NXFramework (from `../`)

SPEC REPOS:
  https://github.com/cocoapods/specs.git:
    - AFNetworking
    - Aspects
    - FMDB
    - libwebp
    - SDAutoLayout
    - SDWebImage
    - SQLCipher
    - SVProgressHUD
    - YYKit

EXTERNAL SOURCES:
  NXFramework:
    :path: "../"

SPEC CHECKSUMS:
  AFNetworking: 5e0e199f73d8626b11e79750991f5d173d1f8b67
  Aspects: 7595ba96a6727a58ebcbfc954497fc5d2fdde546
  FMDB: 2ce00b547f966261cd18927a3ddb07cb6f3db82a
  libwebp: d7e0c95fe97245c97e08101eba10702ebb0f6101
  NXFramework: 67e3322744dcc805b7690798e2573d78d5945809
  SDAutoLayout: 8bf6b3bbc8b01f775d4defbb4fda2ace805461be
  SDWebImage: cb6f9f266a9977741efcbc21e618e8be3734c774
  SQLCipher: f9fcf29b2e59ced7defc2a2bdd0ebe79b40d4990
  SVProgressHUD: 1428aafac632c1f86f62aa4243ec12008d7a51d6
  YYKit: 7cda43304a8dc3696c449041e2cb3107b4e236e7

PODFILE CHECKSUM: 5bf5b8db6a53c296109d34b8296139543bd37b5c

COCOAPODS: 1.5.3
