// !$*UTF8*$!
{
	archiveVersion = 1;
	classes = {
	};
	objectVersion = 46;
	objects = {

/* Begin PBXBuildFile section */
		4131D78F1FECFAB700D30439 /* NXTestLogics.m in Sources */ = {isa = PBXBuildFile; fileRef = 4131D78A1FECFAB700D30439 /* NXTestLogics.m */; };
		4131D7901FECFAB700D30439 /* NXBaseApiLogics.m in Sources */ = {isa = PBXBuildFile; fileRef = 4131D78C1FECFAB700D30439 /* NXBaseApiLogics.m */; };
		4131D7911FECFAB700D30439 /* NXRequest.m in Sources */ = {isa = PBXBuildFile; fileRef = 4131D78E1FECFAB700D30439 /* NXRequest.m */; };
		4159F5281FBAE95E008F83D9 /* NXPostLogics.m in Sources */ = {isa = PBXBuildFile; fileRef = 4159F5231FBAE95B008F83D9 /* NXPostLogics.m */; };
		4159F5291FBAE95E008F83D9 /* NXAPILogics.m in Sources */ = {isa = PBXBuildFile; fileRef = 4159F5241FBAE95B008F83D9 /* NXAPILogics.m */; };
		4159F52A1FBAE95E008F83D9 /* NXHttpCmd.m in Sources */ = {isa = PBXBuildFile; fileRef = 4159F5271FBAE95C008F83D9 /* NXHttpCmd.m */; };
		4190E1872058D0EA005F1B4F /* NXDBListVC.m in Sources */ = {isa = PBXBuildFile; fileRef = 4190E1762058D0EA005F1B4F /* NXDBListVC.m */; };
		4190E1882058D0EA005F1B4F /* model.json in Resources */ = {isa = PBXBuildFile; fileRef = 4190E1772058D0EA005F1B4F /* model.json */; };
		4190E1892058D0EA005F1B4F /* NXAppsDataViewModel.m in Sources */ = {isa = PBXBuildFile; fileRef = 4190E17B2058D0EA005F1B4F /* NXAppsDataViewModel.m */; };
		4190E18A2058D0EA005F1B4F /* NXMutilKeyModel.m in Sources */ = {isa = PBXBuildFile; fileRef = 4190E17C2058D0EA005F1B4F /* NXMutilKeyModel.m */; };
		4190E18B2058D0EA005F1B4F /* NXAutoPrimaryKeyModel.m in Sources */ = {isa = PBXBuildFile; fileRef = 4190E17D2058D0EA005F1B4F /* NXAutoPrimaryKeyModel.m */; };
		4190E18C2058D0EA005F1B4F /* NXTableA.m in Sources */ = {isa = PBXBuildFile; fileRef = 4190E17E2058D0EA005F1B4F /* NXTableA.m */; };
		4190E18D2058D0EA005F1B4F /* NXBlackListModel.m in Sources */ = {isa = PBXBuildFile; fileRef = 4190E17F2058D0EA005F1B4F /* NXBlackListModel.m */; };
		4190E18E2058D0EA005F1B4F /* NSJSONSerialization+Utils.m in Sources */ = {isa = PBXBuildFile; fileRef = 4190E1812058D0EA005F1B4F /* NSJSONSerialization+Utils.m */; };
		4190E18F2058D0EA005F1B4F /* SQLiteReserveModel.m in Sources */ = {isa = PBXBuildFile; fileRef = 4190E1822058D0EA005F1B4F /* SQLiteReserveModel.m */; };
		6003F58E195388D20070C39A /* Foundation.framework in Frameworks */ = {isa = PBXBuildFile; fileRef = 6003F58D195388D20070C39A /* Foundation.framework */; };
		6003F590195388D20070C39A /* CoreGraphics.framework in Frameworks */ = {isa = PBXBuildFile; fileRef = 6003F58F195388D20070C39A /* CoreGraphics.framework */; };
		6003F592195388D20070C39A /* UIKit.framework in Frameworks */ = {isa = PBXBuildFile; fileRef = 6003F591195388D20070C39A /* UIKit.framework */; };
		6003F598195388D20070C39A /* InfoPlist.strings in Resources */ = {isa = PBXBuildFile; fileRef = 6003F596195388D20070C39A /* InfoPlist.strings */; };
		6003F59A195388D20070C39A /* main.m in Sources */ = {isa = PBXBuildFile; fileRef = 6003F599195388D20070C39A /* main.m */; };
		6003F59E195388D20070C39A /* NXAppDelegate.m in Sources */ = {isa = PBXBuildFile; fileRef = 6003F59D195388D20070C39A /* NXAppDelegate.m */; };
		6003F5A7195388D20070C39A /* NXViewController.m in Sources */ = {isa = PBXBuildFile; fileRef = 6003F5A6195388D20070C39A /* NXViewController.m */; };
		6003F5A9195388D20070C39A /* Images.xcassets in Resources */ = {isa = PBXBuildFile; fileRef = 6003F5A8195388D20070C39A /* Images.xcassets */; };
		71719F9F1E33DC2100824A3D /* LaunchScreen.storyboard in Resources */ = {isa = PBXBuildFile; fileRef = 71719F9D1E33DC2100824A3D /* LaunchScreen.storyboard */; };
		873B8AEB1B1F5CCA007FD442 /* Main.storyboard in Resources */ = {isa = PBXBuildFile; fileRef = 873B8AEA1B1F5CCA007FD442 /* Main.storyboard */; };
		99EFCE5875870955B74BADFD /* Pods_NXFramework_Example.framework in Frameworks */ = {isa = PBXBuildFile; fileRef = B127CEC875E19451B66A5258 /* Pods_NXFramework_Example.framework */; };
		BE0A90171F945D9D00A8EB2D /* NXNWListVC.m in Sources */ = {isa = PBXBuildFile; fileRef = BE0A90161F945D9D00A8EB2D /* NXNWListVC.m */; };
		BE0A90221F94624000A8EB2D /* NXBatchViewController.m in Sources */ = {isa = PBXBuildFile; fileRef = BE0A90191F94623F00A8EB2D /* NXBatchViewController.m */; };
		BE0A90231F94624000A8EB2D /* NXChainViewController.m in Sources */ = {isa = PBXBuildFile; fileRef = BE0A901B1F94623F00A8EB2D /* NXChainViewController.m */; };
		BE0A90241F94624000A8EB2D /* NXDownViewController.m in Sources */ = {isa = PBXBuildFile; fileRef = BE0A901D1F94624000A8EB2D /* NXDownViewController.m */; };
		BE0A90251F94624000A8EB2D /* NXNormalViewController.m in Sources */ = {isa = PBXBuildFile; fileRef = BE0A901F1F94624000A8EB2D /* NXNormalViewController.m */; };
		BE0A90261F94624000A8EB2D /* NXUploadViewController.m in Sources */ = {isa = PBXBuildFile; fileRef = BE0A90211F94624000A8EB2D /* NXUploadViewController.m */; };
		BE0A902A1F9462B100A8EB2D /* PLRequest.m in Sources */ = {isa = PBXBuildFile; fileRef = BE0A90291F9462B100A8EB2D /* PLRequest.m */; };
		BE0A90301F946B1400A8EB2D /* NXBaseListViewController.m in Sources */ = {isa = PBXBuildFile; fileRef = BE0A902F1F946B1400A8EB2D /* NXBaseListViewController.m */; };
/* End PBXBuildFile section */

/* Begin PBXFileReference section */
		044236CAE3D16CCADDF3C6D6 /* Pods-NXFramework_Tests.debug.xcconfig */ = {isa = PBXFileReference; includeInIndex = 1; lastKnownFileType = text.xcconfig; name = "Pods-NXFramework_Tests.debug.xcconfig"; path = "Pods/Target Support Files/Pods-NXFramework_Tests/Pods-NXFramework_Tests.debug.xcconfig"; sourceTree = "<group>"; };
		20201AD8D2F1F65321BA5659 /* README.md */ = {isa = PBXFileReference; includeInIndex = 1; lastKnownFileType = net.daringfireball.markdown; name = README.md; path = ../README.md; sourceTree = "<group>"; };
		4131D7891FECFAB700D30439 /* NXRequest.h */ = {isa = PBXFileReference; fileEncoding = 4; lastKnownFileType = sourcecode.c.h; path = NXRequest.h; sourceTree = "<group>"; };
		4131D78A1FECFAB700D30439 /* NXTestLogics.m */ = {isa = PBXFileReference; fileEncoding = 4; lastKnownFileType = sourcecode.c.objc; path = NXTestLogics.m; sourceTree = "<group>"; };
		4131D78B1FECFAB700D30439 /* NXBaseApiLogics.h */ = {isa = PBXFileReference; fileEncoding = 4; lastKnownFileType = sourcecode.c.h; path = NXBaseApiLogics.h; sourceTree = "<group>"; };
		4131D78C1FECFAB700D30439 /* NXBaseApiLogics.m */ = {isa = PBXFileReference; fileEncoding = 4; lastKnownFileType = sourcecode.c.objc; path = NXBaseApiLogics.m; sourceTree = "<group>"; };
		4131D78D1FECFAB700D30439 /* NXTestLogics.h */ = {isa = PBXFileReference; fileEncoding = 4; lastKnownFileType = sourcecode.c.h; path = NXTestLogics.h; sourceTree = "<group>"; };
		4131D78E1FECFAB700D30439 /* NXRequest.m */ = {isa = PBXFileReference; fileEncoding = 4; lastKnownFileType = sourcecode.c.objc; path = NXRequest.m; sourceTree = "<group>"; };
		4159F5221FBAE95B008F83D9 /* NXPostLogics.h */ = {isa = PBXFileReference; fileEncoding = 4; lastKnownFileType = sourcecode.c.h; path = NXPostLogics.h; sourceTree = "<group>"; };
		4159F5231FBAE95B008F83D9 /* NXPostLogics.m */ = {isa = PBXFileReference; fileEncoding = 4; lastKnownFileType = sourcecode.c.objc; path = NXPostLogics.m; sourceTree = "<group>"; };
		4159F5241FBAE95B008F83D9 /* NXAPILogics.m */ = {isa = PBXFileReference; fileEncoding = 4; lastKnownFileType = sourcecode.c.objc; path = NXAPILogics.m; sourceTree = "<group>"; };
		4159F5251FBAE95B008F83D9 /* NXHttpCmd.h */ = {isa = PBXFileReference; fileEncoding = 4; lastKnownFileType = sourcecode.c.h; path = NXHttpCmd.h; sourceTree = "<group>"; };
		4159F5261FBAE95C008F83D9 /* NXAPILogics.h */ = {isa = PBXFileReference; fileEncoding = 4; lastKnownFileType = sourcecode.c.h; path = NXAPILogics.h; sourceTree = "<group>"; };
		4159F5271FBAE95C008F83D9 /* NXHttpCmd.m */ = {isa = PBXFileReference; fileEncoding = 4; lastKnownFileType = sourcecode.c.objc; path = NXHttpCmd.m; sourceTree = "<group>"; };
		4190E1762058D0EA005F1B4F /* NXDBListVC.m */ = {isa = PBXFileReference; fileEncoding = 4; lastKnownFileType = sourcecode.c.objc; path = NXDBListVC.m; sourceTree = "<group>"; };
		4190E1772058D0EA005F1B4F /* model.json */ = {isa = PBXFileReference; fileEncoding = 4; lastKnownFileType = text.json; path = model.json; sourceTree = "<group>"; };
		4190E1782058D0EA005F1B4F /* NXBlackListModel.h */ = {isa = PBXFileReference; fileEncoding = 4; lastKnownFileType = sourcecode.c.h; path = NXBlackListModel.h; sourceTree = "<group>"; };
		4190E1792058D0EA005F1B4F /* NSJSONSerialization+Utils.h */ = {isa = PBXFileReference; fileEncoding = 4; lastKnownFileType = sourcecode.c.h; path = "NSJSONSerialization+Utils.h"; sourceTree = "<group>"; };
		4190E17A2058D0EA005F1B4F /* SQLiteReserveModel.h */ = {isa = PBXFileReference; fileEncoding = 4; lastKnownFileType = sourcecode.c.h; path = SQLiteReserveModel.h; sourceTree = "<group>"; };
		4190E17B2058D0EA005F1B4F /* NXAppsDataViewModel.m */ = {isa = PBXFileReference; fileEncoding = 4; lastKnownFileType = sourcecode.c.objc; path = NXAppsDataViewModel.m; sourceTree = "<group>"; };
		4190E17C2058D0EA005F1B4F /* NXMutilKeyModel.m */ = {isa = PBXFileReference; fileEncoding = 4; lastKnownFileType = sourcecode.c.objc; path = NXMutilKeyModel.m; sourceTree = "<group>"; };
		4190E17D2058D0EA005F1B4F /* NXAutoPrimaryKeyModel.m */ = {isa = PBXFileReference; fileEncoding = 4; lastKnownFileType = sourcecode.c.objc; path = NXAutoPrimaryKeyModel.m; sourceTree = "<group>"; };
		4190E17E2058D0EA005F1B4F /* NXTableA.m */ = {isa = PBXFileReference; fileEncoding = 4; lastKnownFileType = sourcecode.c.objc; path = NXTableA.m; sourceTree = "<group>"; };
		4190E17F2058D0EA005F1B4F /* NXBlackListModel.m */ = {isa = PBXFileReference; fileEncoding = 4; lastKnownFileType = sourcecode.c.objc; path = NXBlackListModel.m; sourceTree = "<group>"; };
		4190E1802058D0EA005F1B4F /* NXDBListVC.h */ = {isa = PBXFileReference; fileEncoding = 4; lastKnownFileType = sourcecode.c.h; path = NXDBListVC.h; sourceTree = "<group>"; };
		4190E1812058D0EA005F1B4F /* NSJSONSerialization+Utils.m */ = {isa = PBXFileReference; fileEncoding = 4; lastKnownFileType = sourcecode.c.objc; path = "NSJSONSerialization+Utils.m"; sourceTree = "<group>"; };
		4190E1822058D0EA005F1B4F /* SQLiteReserveModel.m */ = {isa = PBXFileReference; fileEncoding = 4; lastKnownFileType = sourcecode.c.objc; path = SQLiteReserveModel.m; sourceTree = "<group>"; };
		4190E1832058D0EA005F1B4F /* NXAutoPrimaryKeyModel.h */ = {isa = PBXFileReference; fileEncoding = 4; lastKnownFileType = sourcecode.c.h; path = NXAutoPrimaryKeyModel.h; sourceTree = "<group>"; };
		4190E1842058D0EA005F1B4F /* NXMutilKeyModel.h */ = {isa = PBXFileReference; fileEncoding = 4; lastKnownFileType = sourcecode.c.h; path = NXMutilKeyModel.h; sourceTree = "<group>"; };
		4190E1852058D0EA005F1B4F /* NXAppsDataViewModel.h */ = {isa = PBXFileReference; fileEncoding = 4; lastKnownFileType = sourcecode.c.h; path = NXAppsDataViewModel.h; sourceTree = "<group>"; };
		4190E1862058D0EA005F1B4F /* NXTableA.h */ = {isa = PBXFileReference; fileEncoding = 4; lastKnownFileType = sourcecode.c.h; path = NXTableA.h; sourceTree = "<group>"; };
		46BB412316965A63B196A851 /* LICENSE */ = {isa = PBXFileReference; includeInIndex = 1; lastKnownFileType = text; name = LICENSE; path = ../LICENSE; sourceTree = "<group>"; };
		6003F58A195388D20070C39A /* NXFramework_Example.app */ = {isa = PBXFileReference; explicitFileType = wrapper.application; includeInIndex = 0; path = NXFramework_Example.app; sourceTree = BUILT_PRODUCTS_DIR; };
		6003F58D195388D20070C39A /* Foundation.framework */ = {isa = PBXFileReference; lastKnownFileType = wrapper.framework; name = Foundation.framework; path = System/Library/Frameworks/Foundation.framework; sourceTree = SDKROOT; };
		6003F58F195388D20070C39A /* CoreGraphics.framework */ = {isa = PBXFileReference; lastKnownFileType = wrapper.framework; name = CoreGraphics.framework; path = System/Library/Frameworks/CoreGraphics.framework; sourceTree = SDKROOT; };
		6003F591195388D20070C39A /* UIKit.framework */ = {isa = PBXFileReference; lastKnownFileType = wrapper.framework; name = UIKit.framework; path = System/Library/Frameworks/UIKit.framework; sourceTree = SDKROOT; };
		6003F595195388D20070C39A /* NXFramework-Info.plist */ = {isa = PBXFileReference; lastKnownFileType = text.plist.xml; path = "NXFramework-Info.plist"; sourceTree = "<group>"; };
		6003F597195388D20070C39A /* en */ = {isa = PBXFileReference; lastKnownFileType = text.plist.strings; name = en; path = en.lproj/InfoPlist.strings; sourceTree = "<group>"; };
		6003F599195388D20070C39A /* main.m */ = {isa = PBXFileReference; lastKnownFileType = sourcecode.c.objc; path = main.m; sourceTree = "<group>"; };
		6003F59B195388D20070C39A /* NXFramework-Prefix.pch */ = {isa = PBXFileReference; lastKnownFileType = sourcecode.c.h; path = "NXFramework-Prefix.pch"; sourceTree = "<group>"; };
		6003F59D195388D20070C39A /* NXAppDelegate.m */ = {isa = PBXFileReference; lastKnownFileType = sourcecode.c.objc; path = NXAppDelegate.m; sourceTree = "<group>"; };
		6003F5A5195388D20070C39A /* NXViewController.h */ = {isa = PBXFileReference; lastKnownFileType = sourcecode.c.h; path = NXViewController.h; sourceTree = "<group>"; };
		6003F5A6195388D20070C39A /* NXViewController.m */ = {isa = PBXFileReference; lastKnownFileType = sourcecode.c.objc; path = NXViewController.m; sourceTree = "<group>"; };
		6003F5A8195388D20070C39A /* Images.xcassets */ = {isa = PBXFileReference; lastKnownFileType = folder.assetcatalog; path = Images.xcassets; sourceTree = "<group>"; };
		6003F5AF195388D20070C39A /* XCTest.framework */ = {isa = PBXFileReference; lastKnownFileType = wrapper.framework; name = XCTest.framework; path = Library/Frameworks/XCTest.framework; sourceTree = DEVELOPER_DIR; };
		6D73675807D9FFF4A945F47A /* Pods-NXFramework_Example.debug.xcconfig */ = {isa = PBXFileReference; includeInIndex = 1; lastKnownFileType = text.xcconfig; name = "Pods-NXFramework_Example.debug.xcconfig"; path = "Pods/Target Support Files/Pods-NXFramework_Example/Pods-NXFramework_Example.debug.xcconfig"; sourceTree = "<group>"; };
		71719F9E1E33DC2100824A3D /* Base */ = {isa = PBXFileReference; lastKnownFileType = file.storyboard; name = Base; path = Base.lproj/LaunchScreen.storyboard; sourceTree = "<group>"; };
		73F45199B7211259939D103D /* Pods-NXFramework_Example.release.xcconfig */ = {isa = PBXFileReference; includeInIndex = 1; lastKnownFileType = text.xcconfig; name = "Pods-NXFramework_Example.release.xcconfig"; path = "Pods/Target Support Files/Pods-NXFramework_Example/Pods-NXFramework_Example.release.xcconfig"; sourceTree = "<group>"; };
		873B8AEA1B1F5CCA007FD442 /* Main.storyboard */ = {isa = PBXFileReference; fileEncoding = 4; lastKnownFileType = file.storyboard; name = Main.storyboard; path = Base.lproj/Main.storyboard; sourceTree = "<group>"; };
		B127CEC875E19451B66A5258 /* Pods_NXFramework_Example.framework */ = {isa = PBXFileReference; explicitFileType = wrapper.framework; includeInIndex = 0; path = Pods_NXFramework_Example.framework; sourceTree = BUILT_PRODUCTS_DIR; };
		BE0A90151F945D9D00A8EB2D /* NXNWListVC.h */ = {isa = PBXFileReference; fileEncoding = 4; lastKnownFileType = sourcecode.c.h; path = NXNWListVC.h; sourceTree = "<group>"; };
		BE0A90161F945D9D00A8EB2D /* NXNWListVC.m */ = {isa = PBXFileReference; fileEncoding = 4; lastKnownFileType = sourcecode.c.objc; path = NXNWListVC.m; sourceTree = "<group>"; };
		BE0A90181F94623F00A8EB2D /* NXBatchViewController.h */ = {isa = PBXFileReference; fileEncoding = 4; lastKnownFileType = sourcecode.c.h; path = NXBatchViewController.h; sourceTree = "<group>"; };
		BE0A90191F94623F00A8EB2D /* NXBatchViewController.m */ = {isa = PBXFileReference; fileEncoding = 4; lastKnownFileType = sourcecode.c.objc; path = NXBatchViewController.m; sourceTree = "<group>"; };
		BE0A901A1F94623F00A8EB2D /* NXChainViewController.h */ = {isa = PBXFileReference; fileEncoding = 4; lastKnownFileType = sourcecode.c.h; path = NXChainViewController.h; sourceTree = "<group>"; };
		BE0A901B1F94623F00A8EB2D /* NXChainViewController.m */ = {isa = PBXFileReference; fileEncoding = 4; lastKnownFileType = sourcecode.c.objc; path = NXChainViewController.m; sourceTree = "<group>"; };
		BE0A901C1F94624000A8EB2D /* NXDownViewController.h */ = {isa = PBXFileReference; fileEncoding = 4; lastKnownFileType = sourcecode.c.h; path = NXDownViewController.h; sourceTree = "<group>"; };
		BE0A901D1F94624000A8EB2D /* NXDownViewController.m */ = {isa = PBXFileReference; fileEncoding = 4; lastKnownFileType = sourcecode.c.objc; path = NXDownViewController.m; sourceTree = "<group>"; };
		BE0A901E1F94624000A8EB2D /* NXNormalViewController.h */ = {isa = PBXFileReference; fileEncoding = 4; lastKnownFileType = sourcecode.c.h; path = NXNormalViewController.h; sourceTree = "<group>"; };
		BE0A901F1F94624000A8EB2D /* NXNormalViewController.m */ = {isa = PBXFileReference; fileEncoding = 4; lastKnownFileType = sourcecode.c.objc; path = NXNormalViewController.m; sourceTree = "<group>"; };
		BE0A90201F94624000A8EB2D /* NXUploadViewController.h */ = {isa = PBXFileReference; fileEncoding = 4; lastKnownFileType = sourcecode.c.h; path = NXUploadViewController.h; sourceTree = "<group>"; };
		BE0A90211F94624000A8EB2D /* NXUploadViewController.m */ = {isa = PBXFileReference; fileEncoding = 4; lastKnownFileType = sourcecode.c.objc; path = NXUploadViewController.m; sourceTree = "<group>"; };
		BE0A90281F9462B100A8EB2D /* PLRequest.h */ = {isa = PBXFileReference; fileEncoding = 4; lastKnownFileType = sourcecode.c.h; path = PLRequest.h; sourceTree = "<group>"; };
		BE0A90291F9462B100A8EB2D /* PLRequest.m */ = {isa = PBXFileReference; fileEncoding = 4; lastKnownFileType = sourcecode.c.objc; path = PLRequest.m; sourceTree = "<group>"; };
		BE0A902E1F946B1400A8EB2D /* NXBaseListViewController.h */ = {isa = PBXFileReference; fileEncoding = 4; lastKnownFileType = sourcecode.c.h; path = NXBaseListViewController.h; sourceTree = "<group>"; };
		BE0A902F1F946B1400A8EB2D /* NXBaseListViewController.m */ = {isa = PBXFileReference; fileEncoding = 4; lastKnownFileType = sourcecode.c.objc; path = NXBaseListViewController.m; sourceTree = "<group>"; };
		C53954978D920443F60CDFC9 /* Pods_NXFramework_Tests.framework */ = {isa = PBXFileReference; explicitFileType = wrapper.framework; includeInIndex = 0; path = Pods_NXFramework_Tests.framework; sourceTree = BUILT_PRODUCTS_DIR; };
		E04B26BD9344BF883EBAD646 /* NXFramework.podspec */ = {isa = PBXFileReference; includeInIndex = 1; lastKnownFileType = text; name = NXFramework.podspec; path = ../NXFramework.podspec; sourceTree = "<group>"; };
		F977097F1743D0C79DAC3E5D /* Pods-NXFramework_Tests.release.xcconfig */ = {isa = PBXFileReference; includeInIndex = 1; lastKnownFileType = text.xcconfig; name = "Pods-NXFramework_Tests.release.xcconfig"; path = "Pods/Target Support Files/Pods-NXFramework_Tests/Pods-NXFramework_Tests.release.xcconfig"; sourceTree = "<group>"; };
/* End PBXFileReference section */

/* Begin PBXFrameworksBuildPhase section */
		6003F587195388D20070C39A /* Frameworks */ = {
			isa = PBXFrameworksBuildPhase;
			buildActionMask = 2147483647;
			files = (
				6003F590195388D20070C39A /* CoreGraphics.framework in Frameworks */,
				6003F592195388D20070C39A /* UIKit.framework in Frameworks */,
				6003F58E195388D20070C39A /* Foundation.framework in Frameworks */,
				99EFCE5875870955B74BADFD /* Pods_NXFramework_Example.framework in Frameworks */,
			);
			runOnlyForDeploymentPostprocessing = 0;
		};
/* End PBXFrameworksBuildPhase section */

/* Begin PBXGroup section */
		4131D7881FECFAB700D30439 /* NXNetworkUnity */ = {
			isa = PBXGroup;
			children = (
				4131D78D1FECFAB700D30439 /* NXTestLogics.h */,
				4131D78A1FECFAB700D30439 /* NXTestLogics.m */,
				4131D7891FECFAB700D30439 /* NXRequest.h */,
				4131D78E1FECFAB700D30439 /* NXRequest.m */,
				4131D78B1FECFAB700D30439 /* NXBaseApiLogics.h */,
				4131D78C1FECFAB700D30439 /* NXBaseApiLogics.m */,
			);
			path = NXNetworkUnity;
			sourceTree = "<group>";
		};
		4159F5211FBAE95B008F83D9 /* NXAPILogics */ = {
			isa = PBXGroup;
			children = (
				4159F5221FBAE95B008F83D9 /* NXPostLogics.h */,
				4159F5231FBAE95B008F83D9 /* NXPostLogics.m */,
			);
			path = NXAPILogics;
			sourceTree = "<group>";
		};
		4190E1752058D0EA005F1B4F /* NXDBDemo */ = {
			isa = PBXGroup;
			children = (
				4190E1762058D0EA005F1B4F /* NXDBListVC.m */,
				4190E1772058D0EA005F1B4F /* model.json */,
				4190E1782058D0EA005F1B4F /* NXBlackListModel.h */,
				4190E1792058D0EA005F1B4F /* NSJSONSerialization+Utils.h */,
				4190E17A2058D0EA005F1B4F /* SQLiteReserveModel.h */,
				4190E17B2058D0EA005F1B4F /* NXAppsDataViewModel.m */,
				4190E17C2058D0EA005F1B4F /* NXMutilKeyModel.m */,
				4190E17D2058D0EA005F1B4F /* NXAutoPrimaryKeyModel.m */,
				4190E17E2058D0EA005F1B4F /* NXTableA.m */,
				4190E17F2058D0EA005F1B4F /* NXBlackListModel.m */,
				4190E1802058D0EA005F1B4F /* NXDBListVC.h */,
				4190E1812058D0EA005F1B4F /* NSJSONSerialization+Utils.m */,
				4190E1822058D0EA005F1B4F /* SQLiteReserveModel.m */,
				4190E1832058D0EA005F1B4F /* NXAutoPrimaryKeyModel.h */,
				4190E1842058D0EA005F1B4F /* NXMutilKeyModel.h */,
				4190E1852058D0EA005F1B4F /* NXAppsDataViewModel.h */,
				4190E1862058D0EA005F1B4F /* NXTableA.h */,
			);
			path = NXDBDemo;
			sourceTree = "<group>";
		};
		49355BAF6AE2231E1BAC8239 /* Pods */ = {
			isa = PBXGroup;
			children = (
				6D73675807D9FFF4A945F47A /* Pods-NXFramework_Example.debug.xcconfig */,
				73F45199B7211259939D103D /* Pods-NXFramework_Example.release.xcconfig */,
				044236CAE3D16CCADDF3C6D6 /* Pods-NXFramework_Tests.debug.xcconfig */,
				F977097F1743D0C79DAC3E5D /* Pods-NXFramework_Tests.release.xcconfig */,
			);
			name = Pods;
			sourceTree = "<group>";
		};
		6003F581195388D10070C39A = {
			isa = PBXGroup;
			children = (
				60FF7A9C1954A5C5007DD14C /* Podspec Metadata */,
				6003F593195388D20070C39A /* Example for NXFramework */,
				6003F58C195388D20070C39A /* Frameworks */,
				6003F58B195388D20070C39A /* Products */,
				49355BAF6AE2231E1BAC8239 /* Pods */,
			);
			sourceTree = "<group>";
		};
		6003F58B195388D20070C39A /* Products */ = {
			isa = PBXGroup;
			children = (
				6003F58A195388D20070C39A /* NXFramework_Example.app */,
			);
			name = Products;
			sourceTree = "<group>";
		};
		6003F58C195388D20070C39A /* Frameworks */ = {
			isa = PBXGroup;
			children = (
				6003F58D195388D20070C39A /* Foundation.framework */,
				6003F58F195388D20070C39A /* CoreGraphics.framework */,
				6003F591195388D20070C39A /* UIKit.framework */,
				6003F5AF195388D20070C39A /* XCTest.framework */,
				B127CEC875E19451B66A5258 /* Pods_NXFramework_Example.framework */,
				C53954978D920443F60CDFC9 /* Pods_NXFramework_Tests.framework */,
			);
			name = Frameworks;
			sourceTree = "<group>";
		};
		6003F593195388D20070C39A /* Example for NXFramework */ = {
			isa = PBXGroup;
			children = (
				4190E1752058D0EA005F1B4F /* NXDBDemo */,
				BE0A902D1F946AEB00A8EB2D /* NXExampleBaseVC */,
				6003F59D195388D20070C39A /* NXAppDelegate.m */,
				873B8AEA1B1F5CCA007FD442 /* Main.storyboard */,
				6003F5A5195388D20070C39A /* NXViewController.h */,
				6003F5A6195388D20070C39A /* NXViewController.m */,
				BE0A90141F945D6F00A8EB2D /* NXNetWorkManagerDemo */,
				71719F9D1E33DC2100824A3D /* LaunchScreen.storyboard */,
				6003F5A8195388D20070C39A /* Images.xcassets */,
				6003F594195388D20070C39A /* Supporting Files */,
			);
			name = "Example for NXFramework";
			path = NXFramework;
			sourceTree = "<group>";
		};
		6003F594195388D20070C39A /* Supporting Files */ = {
			isa = PBXGroup;
			children = (
				6003F595195388D20070C39A /* NXFramework-Info.plist */,
				6003F596195388D20070C39A /* InfoPlist.strings */,
				6003F599195388D20070C39A /* main.m */,
				6003F59B195388D20070C39A /* NXFramework-Prefix.pch */,
			);
			name = "Supporting Files";
			sourceTree = "<group>";
		};
		60FF7A9C1954A5C5007DD14C /* Podspec Metadata */ = {
			isa = PBXGroup;
			children = (
				E04B26BD9344BF883EBAD646 /* NXFramework.podspec */,
				20201AD8D2F1F65321BA5659 /* README.md */,
				46BB412316965A63B196A851 /* LICENSE */,
			);
			name = "Podspec Metadata";
			sourceTree = "<group>";
		};
		BE0A90141F945D6F00A8EB2D /* NXNetWorkManagerDemo */ = {
			isa = PBXGroup;
			children = (
				4131D7881FECFAB700D30439 /* NXNetworkUnity */,
				4159F5211FBAE95B008F83D9 /* NXAPILogics */,
				4159F5261FBAE95C008F83D9 /* NXAPILogics.h */,
				4159F5241FBAE95B008F83D9 /* NXAPILogics.m */,
				4159F5251FBAE95B008F83D9 /* NXHttpCmd.h */,
				4159F5271FBAE95C008F83D9 /* NXHttpCmd.m */,
				BE0A90271F94628A00A8EB2D /* PLRequest */,
				BE0A90151F945D9D00A8EB2D /* NXNWListVC.h */,
				BE0A90161F945D9D00A8EB2D /* NXNWListVC.m */,
				BE0A90181F94623F00A8EB2D /* NXBatchViewController.h */,
				BE0A90191F94623F00A8EB2D /* NXBatchViewController.m */,
				BE0A901A1F94623F00A8EB2D /* NXChainViewController.h */,
				BE0A901B1F94623F00A8EB2D /* NXChainViewController.m */,
				BE0A901C1F94624000A8EB2D /* NXDownViewController.h */,
				BE0A901D1F94624000A8EB2D /* NXDownViewController.m */,
				BE0A901E1F94624000A8EB2D /* NXNormalViewController.h */,
				BE0A901F1F94624000A8EB2D /* NXNormalViewController.m */,
				BE0A90201F94624000A8EB2D /* NXUploadViewController.h */,
				BE0A90211F94624000A8EB2D /* NXUploadViewController.m */,
			);
			path = NXNetWorkManagerDemo;
			sourceTree = "<group>";
		};
		BE0A90271F94628A00A8EB2D /* PLRequest */ = {
			isa = PBXGroup;
			children = (
				BE0A90281F9462B100A8EB2D /* PLRequest.h */,
				BE0A90291F9462B100A8EB2D /* PLRequest.m */,
			);
			name = PLRequest;
			sourceTree = "<group>";
		};
		BE0A902D1F946AEB00A8EB2D /* NXExampleBaseVC */ = {
			isa = PBXGroup;
			children = (
				BE0A902E1F946B1400A8EB2D /* NXBaseListViewController.h */,
				BE0A902F1F946B1400A8EB2D /* NXBaseListViewController.m */,
			);
			path = NXExampleBaseVC;
			sourceTree = "<group>";
		};
/* End PBXGroup section */

/* Begin PBXNativeTarget section */
		6003F589195388D20070C39A /* NXFramework_Example */ = {
			isa = PBXNativeTarget;
			buildConfigurationList = 6003F5BF195388D20070C39A /* Build configuration list for PBXNativeTarget "NXFramework_Example" */;
			buildPhases = (
				555065D0439149221F9F6D33 /* [CP] Check Pods Manifest.lock */,
				6003F586195388D20070C39A /* Sources */,
				6003F587195388D20070C39A /* Frameworks */,
				6003F588195388D20070C39A /* Resources */,
				9378B69D3ADC1CE4E094905A /* [CP] Embed Pods Frameworks */,
				2F40E47AF001326C2DF6505C /* [CP] Copy Pods Resources */,
			);
			buildRules = (
			);
			dependencies = (
			);
			name = NXFramework_Example;
			productName = NXFramework;
			productReference = 6003F58A195388D20070C39A /* NXFramework_Example.app */;
			productType = "com.apple.product-type.application";
		};
/* End PBXNativeTarget section */

/* Begin PBXProject section */
		6003F582195388D10070C39A /* Project object */ = {
			isa = PBXProject;
			attributes = {
				CLASSPREFIX = NX;
				LastUpgradeCheck = 0830;
				ORGANIZATIONNAME = wangcheng;
				TargetAttributes = {
					6003F589195388D20070C39A = {
						DevelopmentTeam = FJV2B9GPDW;
						ProvisioningStyle = Manual;
					};
				};
			};
			buildConfigurationList = 6003F585195388D10070C39A /* Build configuration list for PBXProject "NXFramework" */;
			compatibilityVersion = "Xcode 3.2";
			developmentRegion = English;
			hasScannedForEncodings = 0;
			knownRegions = (
				en,
				Base,
			);
			mainGroup = 6003F581195388D10070C39A;
			productRefGroup = 6003F58B195388D20070C39A /* Products */;
			projectDirPath = "";
			projectRoot = "";
			targets = (
				6003F589195388D20070C39A /* NXFramework_Example */,
			);
		};
/* End PBXProject section */

/* Begin PBXResourcesBuildPhase section */
		6003F588195388D20070C39A /* Resources */ = {
			isa = PBXResourcesBuildPhase;
			buildActionMask = 2147483647;
			files = (
				873B8AEB1B1F5CCA007FD442 /* Main.storyboard in Resources */,
				71719F9F1E33DC2100824A3D /* LaunchScreen.storyboard in Resources */,
				4190E1882058D0EA005F1B4F /* model.json in Resources */,
				6003F5A9195388D20070C39A /* Images.xcassets in Resources */,
				6003F598195388D20070C39A /* InfoPlist.strings in Resources */,
			);
			runOnlyForDeploymentPostprocessing = 0;
		};
/* End PBXResourcesBuildPhase section */

/* Begin PBXShellScriptBuildPhase section */
		2F40E47AF001326C2DF6505C /* [CP] Copy Pods Resources */ = {
			isa = PBXShellScriptBuildPhase;
			buildActionMask = 2147483647;
			files = (
			);
			inputPaths = (
			);
			name = "[CP] Copy Pods Resources";
			outputPaths = (
			);
			runOnlyForDeploymentPostprocessing = 0;
			shellPath = /bin/sh;
			shellScript = "\"${SRCROOT}/Pods/Target Support Files/Pods-NXFramework_Example/Pods-NXFramework_Example-resources.sh\"\n";
			showEnvVarsInLog = 0;
		};
		555065D0439149221F9F6D33 /* [CP] Check Pods Manifest.lock */ = {
			isa = PBXShellScriptBuildPhase;
			buildActionMask = 2147483647;
			files = (
			);
			inputPaths = (
				"${PODS_PODFILE_DIR_PATH}/Podfile.lock",
				"${PODS_ROOT}/Manifest.lock",
			);
			name = "[CP] Check Pods Manifest.lock";
			outputPaths = (
				"$(DERIVED_FILE_DIR)/Pods-NXFramework_Example-checkManifestLockResult.txt",
			);
			runOnlyForDeploymentPostprocessing = 0;
			shellPath = /bin/sh;
			shellScript = "diff \"${PODS_PODFILE_DIR_PATH}/Podfile.lock\" \"${PODS_ROOT}/Manifest.lock\" > /dev/null\nif [ $? != 0 ] ; then\n    # print error to STDERR\n    echo \"error: The sandbox is not in sync with the Podfile.lock. Run 'pod install' or update your CocoaPods installation.\" >&2\n    exit 1\nfi\n# This output is used by Xcode 'outputs' to avoid re-running this script phase.\necho \"SUCCESS\" > \"${SCRIPT_OUTPUT_FILE_0}\"\n";
			showEnvVarsInLog = 0;
		};
		9378B69D3ADC1CE4E094905A /* [CP] Embed Pods Frameworks */ = {
			isa = PBXShellScriptBuildPhase;
			buildActionMask = 2147483647;
			files = (
			);
			inputPaths = (
				"${SRCROOT}/Pods/Target Support Files/Pods-NXFramework_Example/Pods-NXFramework_Example-frameworks.sh",
				"${BUILT_PRODUCTS_DIR}/AFNetworking/AFNetworking.framework",
				"${BUILT_PRODUCTS_DIR}/Aspects/Aspects.framework",
				"${BUILT_PRODUCTS_DIR}/FMDB/FMDB.framework",
				"${BUILT_PRODUCTS_DIR}/NXFramework/NXFramework.framework",
				"${BUILT_PRODUCTS_DIR}/SDAutoLayout/SDAutoLayout.framework",
				"${BUILT_PRODUCTS_DIR}/SDWebImage/SDWebImage.framework",
				"${BUILT_PRODUCTS_DIR}/YYImage/YYImage.framework",
				"${BUILT_PRODUCTS_DIR}/YYModel/YYModel.framework",
				"${BUILT_PRODUCTS_DIR}/libwebp/libwebp.framework",
			);
			name = "[CP] Embed Pods Frameworks";
			outputPaths = (
				"${TARGET_BUILD_DIR}/${FRAMEWORKS_FOLDER_PATH}/AFNetworking.framework",
				"${TARGET_BUILD_DIR}/${FRAMEWORKS_FOLDER_PATH}/Aspects.framework",
				"${TARGET_BUILD_DIR}/${FRAMEWORKS_FOLDER_PATH}/FMDB.framework",
				"${TARGET_BUILD_DIR}/${FRAMEWORKS_FOLDER_PATH}/NXFramework.framework",
				"${TARGET_BUILD_DIR}/${FRAMEWORKS_FOLDER_PATH}/SDAutoLayout.framework",
				"${TARGET_BUILD_DIR}/${FRAMEWORKS_FOLDER_PATH}/SDWebImage.framework",
				"${TARGET_BUILD_DIR}/${FRAMEWORKS_FOLDER_PATH}/YYImage.framework",
				"${TARGET_BUILD_DIR}/${FRAMEWORKS_FOLDER_PATH}/YYModel.framework",
				"${TARGET_BUILD_DIR}/${FRAMEWORKS_FOLDER_PATH}/libwebp.framework",
			);
			runOnlyForDeploymentPostprocessing = 0;
			shellPath = /bin/sh;
			shellScript = "\"${SRCROOT}/Pods/Target Support Files/Pods-NXFramework_Example/Pods-NXFramework_Example-frameworks.sh\"\n";
			showEnvVarsInLog = 0;
		};
/* End PBXShellScriptBuildPhase section */

/* Begin PBXSourcesBuildPhase section */
		6003F586195388D20070C39A /* Sources */ = {
			isa = PBXSourcesBuildPhase;
			buildActionMask = 2147483647;
			files = (
				BE0A90231F94624000A8EB2D /* NXChainViewController.m in Sources */,
				BE0A902A1F9462B100A8EB2D /* PLRequest.m in Sources */,
				4190E1872058D0EA005F1B4F /* NXDBListVC.m in Sources */,
				BE0A90251F94624000A8EB2D /* NXNormalViewController.m in Sources */,
				BE0A90221F94624000A8EB2D /* NXBatchViewController.m in Sources */,
				4190E18F2058D0EA005F1B4F /* SQLiteReserveModel.m in Sources */,
				6003F59E195388D20070C39A /* NXAppDelegate.m in Sources */,
				6003F5A7195388D20070C39A /* NXViewController.m in Sources */,
				4159F5291FBAE95E008F83D9 /* NXAPILogics.m in Sources */,
				4190E18D2058D0EA005F1B4F /* NXBlackListModel.m in Sources */,
				4131D78F1FECFAB700D30439 /* NXTestLogics.m in Sources */,
				4190E18B2058D0EA005F1B4F /* NXAutoPrimaryKeyModel.m in Sources */,
				4131D7901FECFAB700D30439 /* NXBaseApiLogics.m in Sources */,
				BE0A90301F946B1400A8EB2D /* NXBaseListViewController.m in Sources */,
				4190E18A2058D0EA005F1B4F /* NXMutilKeyModel.m in Sources */,
				4159F52A1FBAE95E008F83D9 /* NXHttpCmd.m in Sources */,
				4131D7911FECFAB700D30439 /* NXRequest.m in Sources */,
				BE0A90261F94624000A8EB2D /* NXUploadViewController.m in Sources */,
				6003F59A195388D20070C39A /* main.m in Sources */,
				BE0A90171F945D9D00A8EB2D /* NXNWListVC.m in Sources */,
				4190E18E2058D0EA005F1B4F /* NSJSONSerialization+Utils.m in Sources */,
				4190E1892058D0EA005F1B4F /* NXAppsDataViewModel.m in Sources */,
				4159F5281FBAE95E008F83D9 /* NXPostLogics.m in Sources */,
				4190E18C2058D0EA005F1B4F /* NXTableA.m in Sources */,
				BE0A90241F94624000A8EB2D /* NXDownViewController.m in Sources */,
			);
			runOnlyForDeploymentPostprocessing = 0;
		};
/* End PBXSourcesBuildPhase section */

/* Begin PBXVariantGroup section */
		6003F596195388D20070C39A /* InfoPlist.strings */ = {
			isa = PBXVariantGroup;
			children = (
				6003F597195388D20070C39A /* en */,
			);
			name = InfoPlist.strings;
			sourceTree = "<group>";
		};
		71719F9D1E33DC2100824A3D /* LaunchScreen.storyboard */ = {
			isa = PBXVariantGroup;
			children = (
				71719F9E1E33DC2100824A3D /* Base */,
			);
			name = LaunchScreen.storyboard;
			sourceTree = "<group>";
		};
/* End PBXVariantGroup section */

/* Begin XCBuildConfiguration section */
		6003F5BD195388D20070C39A /* Debug */ = {
			isa = XCBuildConfiguration;
			buildSettings = {
				ALWAYS_SEARCH_USER_PATHS = NO;
				CLANG_CXX_LANGUAGE_STANDARD = "gnu++0x";
				CLANG_CXX_LIBRARY = "libc++";
				CLANG_ENABLE_MODULES = YES;
				CLANG_ENABLE_OBJC_ARC = YES;
				CLANG_WARN_BOOL_CONVERSION = YES;
				CLANG_WARN_CONSTANT_CONVERSION = YES;
				CLANG_WARN_DIRECT_OBJC_ISA_USAGE = YES_ERROR;
				CLANG_WARN_EMPTY_BODY = YES;
				CLANG_WARN_ENUM_CONVERSION = YES;
				CLANG_WARN_INFINITE_RECURSION = YES;
				CLANG_WARN_INT_CONVERSION = YES;
				CLANG_WARN_OBJC_ROOT_CLASS = YES_ERROR;
				CLANG_WARN_SUSPICIOUS_MOVE = YES;
				CLANG_WARN_UNREACHABLE_CODE = YES;
				CLANG_WARN__DUPLICATE_METHOD_MATCH = YES;
				"CODE_SIGN_IDENTITY[sdk=iphoneos*]" = "iPhone Developer";
				COPY_PHASE_STRIP = NO;
				ENABLE_STRICT_OBJC_MSGSEND = YES;
				ENABLE_TESTABILITY = YES;
				GCC_C_LANGUAGE_STANDARD = gnu99;
				GCC_DYNAMIC_NO_PIC = NO;
				GCC_NO_COMMON_BLOCKS = YES;
				GCC_OPTIMIZATION_LEVEL = 0;
				GCC_PREPROCESSOR_DEFINITIONS = (
					"DEBUG=1",
					"$(inherited)",
				);
				GCC_SYMBOLS_PRIVATE_EXTERN = NO;
				GCC_WARN_64_TO_32_BIT_CONVERSION = YES;
				GCC_WARN_ABOUT_RETURN_TYPE = YES_ERROR;
				GCC_WARN_UNDECLARED_SELECTOR = YES;
				GCC_WARN_UNINITIALIZED_AUTOS = YES_AGGRESSIVE;
				GCC_WARN_UNUSED_FUNCTION = YES;
				GCC_WARN_UNUSED_VARIABLE = YES;
				IPHONEOS_DEPLOYMENT_TARGET = 8.3;
				ONLY_ACTIVE_ARCH = YES;
				SDKROOT = iphoneos;
				TARGETED_DEVICE_FAMILY = "1,2";
			};
			name = Debug;
		};
		6003F5BE195388D20070C39A /* Release */ = {
			isa = XCBuildConfiguration;
			buildSettings = {
				ALWAYS_SEARCH_USER_PATHS = NO;
				CLANG_CXX_LANGUAGE_STANDARD = "gnu++0x";
				CLANG_CXX_LIBRARY = "libc++";
				CLANG_ENABLE_MODULES = YES;
				CLANG_ENABLE_OBJC_ARC = YES;
				CLANG_WARN_BOOL_CONVERSION = YES;
				CLANG_WARN_CONSTANT_CONVERSION = YES;
				CLANG_WARN_DIRECT_OBJC_ISA_USAGE = YES_ERROR;
				CLANG_WARN_EMPTY_BODY = YES;
				CLANG_WARN_ENUM_CONVERSION = YES;
				CLANG_WARN_INFINITE_RECURSION = YES;
				CLANG_WARN_INT_CONVERSION = YES;
				CLANG_WARN_OBJC_ROOT_CLASS = YES_ERROR;
				CLANG_WARN_SUSPICIOUS_MOVE = YES;
				CLANG_WARN_UNREACHABLE_CODE = YES;
				CLANG_WARN__DUPLICATE_METHOD_MATCH = YES;
				"CODE_SIGN_IDENTITY[sdk=iphoneos*]" = "iPhone Developer";
				COPY_PHASE_STRIP = YES;
				ENABLE_NS_ASSERTIONS = NO;
				ENABLE_STRICT_OBJC_MSGSEND = YES;
				GCC_C_LANGUAGE_STANDARD = gnu99;
				GCC_NO_COMMON_BLOCKS = YES;
				GCC_WARN_64_TO_32_BIT_CONVERSION = YES;
				GCC_WARN_ABOUT_RETURN_TYPE = YES_ERROR;
				GCC_WARN_UNDECLARED_SELECTOR = YES;
				GCC_WARN_UNINITIALIZED_AUTOS = YES_AGGRESSIVE;
				GCC_WARN_UNUSED_FUNCTION = YES;
				GCC_WARN_UNUSED_VARIABLE = YES;
				IPHONEOS_DEPLOYMENT_TARGET = 8.3;
				SDKROOT = iphoneos;
				TARGETED_DEVICE_FAMILY = "1,2";
				VALIDATE_PRODUCT = YES;
			};
			name = Release;
		};
		6003F5C0195388D20070C39A /* Debug */ = {
			isa = XCBuildConfiguration;
			baseConfigurationReference = 6D73675807D9FFF4A945F47A /* Pods-NXFramework_Example.debug.xcconfig */;
			buildSettings = {
				ASSETCATALOG_COMPILER_APPICON_NAME = AppIcon;
				DEVELOPMENT_TEAM = FJV2B9GPDW;
				GCC_PRECOMPILE_PREFIX_HEADER = YES;
				GCC_PREFIX_HEADER = "NXFramework/NXFramework-Prefix.pch";
				INFOPLIST_FILE = "NXFramework/NXFramework-Info.plist";
				MODULE_NAME = ExampleApp;
				PRODUCT_BUNDLE_IDENTIFIER = com.yoyoshijie.philm;
				PRODUCT_NAME = "$(TARGET_NAME)";
				PROVISIONING_PROFILE = "f12912af-44b5-46af-9472-c1292b475220";
				PROVISIONING_PROFILE_SPECIFIER = com.yoyoshijie.philm.beta;
				WRAPPER_EXTENSION = app;
			};
			name = Debug;
		};
		6003F5C1195388D20070C39A /* Release */ = {
			isa = XCBuildConfiguration;
			baseConfigurationReference = 73F45199B7211259939D103D /* Pods-NXFramework_Example.release.xcconfig */;
			buildSettings = {
				ASSETCATALOG_COMPILER_APPICON_NAME = AppIcon;
				DEVELOPMENT_TEAM = FJV2B9GPDW;
				GCC_PRECOMPILE_PREFIX_HEADER = YES;
				GCC_PREFIX_HEADER = "NXFramework/NXFramework-Prefix.pch";
				INFOPLIST_FILE = "NXFramework/NXFramework-Info.plist";
				MODULE_NAME = ExampleApp;
				PRODUCT_BUNDLE_IDENTIFIER = com.yoyoshijie.philm;
				PRODUCT_NAME = "$(TARGET_NAME)";
				PROVISIONING_PROFILE = "f12912af-44b5-46af-9472-c1292b475220";
				PROVISIONING_PROFILE_SPECIFIER = com.yoyoshijie.philm.beta;
				WRAPPER_EXTENSION = app;
			};
			name = Release;
		};
/* End XCBuildConfiguration section */

/* Begin XCConfigurationList section */
		6003F585195388D10070C39A /* Build configuration list for PBXProject "NXFramework" */ = {
			isa = XCConfigurationList;
			buildConfigurations = (
				6003F5BD195388D20070C39A /* Debug */,
				6003F5BE195388D20070C39A /* Release */,
			);
			defaultConfigurationIsVisible = 0;
			defaultConfigurationName = Release;
		};
		6003F5BF195388D20070C39A /* Build configuration list for PBXNativeTarget "NXFramework_Example" */ = {
			isa = XCConfigurationList;
			buildConfigurations = (
				6003F5C0195388D20070C39A /* Debug */,
				6003F5C1195388D20070C39A /* Release */,
			);
			defaultConfigurationIsVisible = 0;
			defaultConfigurationName = Release;
		};
/* End XCConfigurationList section */
	};
	rootObject = 6003F582195388D10070C39A /* Project object */;
}
